{
    "hash": "f213345e7df3e164f2c73ef89edd81c4",
    "packages": [
        {
            "package": "composer/composer",
            "version": "dev-master",
            "alias-pretty-version": "1.0.x-dev",
            "alias-version": "1.0.9999999.9999999-dev"
        },
        {
            "package": "composer/composer",
            "version": "dev-master",
            "source-reference": "01593e06282492203c1b5868302a556890e109c6",
            "commit-date": "1345833153"
        },
        {
            "package": "doctrine/common",
            "version": "2.2.3"
        },
        {
            "package": "doctrine/dbal",
            "version": "2.2.x-dev",
            "source-reference": "b961a3fce6bf220f1dca47d7d747b9074bea4730",
            "commit-date": "1341779435"
        },
        {
            "package": "doctrine/doctrine-bundle",
            "version": "dev-master",
            "source-reference": "4d9bb0f3af470556983eb41a7d19ede23401ef0b",
            "commit-date": "1344549563"
        },
        {
            "package": "doctrine/orm",
            "version": "2.2.x-dev",
            "source-reference": "7d343302a8f886be9cfb2a9c8345a95740dcfde9",
            "commit-date": "1343560954"
        },
        {
            "package": "friendsofsymfony/user-bundle",
            "version": "dev-master",
            "source-reference": "7a9d20e69ac0363432fae86523776b14592993d7",
            "commit-date": "1343834547"
        },
        {
            "package": "justinrainbow/json-schema",
            "version": "1.1.0"
        },
        {
            "package": "kriswallsmith/assetic",
            "version": "dev-master",
            "alias-pretty-version": "1.1.x-dev",
            "alias-version": "1.1.9999999.9999999-dev"
        },
        {
            "package": "kriswallsmith/assetic",
            "version": "dev-master",
            "source-reference": "d1d5066d9071a76d771993081ee23137e96216b7",
            "commit-date": "1344507381"
        },
        {
            "package": "monolog/monolog",
            "version": "1.1.0"
        },
        {
            "package": "nelmio/solarium-bundle",
            "version": "dev-master",
            "source-reference": "4da55a2e5b74f136cef3912fba5dfeafc89b7d31",
            "commit-date": "1343737136"
        },
        {
            "package": "pagerfanta/pagerfanta",
            "version": "dev-master",
            "source-reference": "486a9b809fa7660787fb3b97dffcc26d30de6356",
            "commit-date": "1343021263"
        },
        {
            "package": "predis/predis",
            "version": "0.7.x-dev",
            "source-reference": "6e9db69e729119b17510ee86e2a4d1ce3c6a1ad7",
            "commit-date": "1342872780"
        },
        {
            "package": "seld/jsonlint",
            "version": "1.0.0"
        },
        {
            "package": "sensio/distribution-bundle",
            "version": "dev-master",
            "source-reference": "57190e5baa0cc1d8ef6095ce57e6719a5eae2b79",
            "commit-date": "1344240835"
        },
        {
            "package": "sensio/framework-extra-bundle",
            "version": "dev-master",
            "source-reference": "ade2d53b20a9fc3428f04c863b3fd4fca0b62181",
            "commit-date": "1344072374"
        },
        {
            "package": "sensio/generator-bundle",
            "version": "dev-master",
            "source-reference": "d8fc1666f3cdb403f1b2d4320c45ddd6adbdf6a5",
            "commit-date": "1343980150"
        },
        {
            "package": "snc/redis-bundle",
            "version": "dev-master",
            "source-reference": "398921371c9f9e0fe2677fdb6776f14873df7e96",
            "commit-date": "1344073786"
        },
        {
            "package": "solarium/solarium",
            "version": "dev-master",
            "source-reference": "5c7afe1c4e104feb3761618dd54cf813beb4de5a",
            "commit-date": "1343376249"
        },
        {
            "package": "swiftmailer/swiftmailer",
            "version": "dev-master",
            "alias-pretty-version": "4.2.x-dev",
            "alias-version": "4.2.9999999.9999999-dev"
        },
        {
            "package": "swiftmailer/swiftmailer",
            "version": "dev-master",
            "source-reference": "19045c3692f6f6ddb4abc5ebfaf3f86f1c57d265",
            "commit-date": "1343980916"
        },
        {
            "package": "symfony/assetic-bundle",
            "version": "dev-master",
            "alias-pretty-version": "2.1.x-dev",
            "alias-version": "2.1.9999999.9999999-dev"
        },
        {
            "package": "symfony/assetic-bundle",
            "version": "dev-master",
            "source-reference": "ec3a65d3eab342af9e93a3c21af0ac7b78e01c17",
            "commit-date": "1344507386"
        },
        {
            "package": "symfony/monolog-bundle",
            "version": "dev-master",
            "alias-pretty-version": "2.1.x-dev",
            "alias-version": "2.1.9999999.9999999-dev"
        },
        {
            "package": "symfony/monolog-bundle",
            "version": "dev-master",
            "source-reference": "v2.1.0-BETA4",
            "commit-date": "1341078487"
        },
        {
            "package": "symfony/swiftmailer-bundle",
            "version": "dev-master",
            "alias-pretty-version": "2.1.x-dev",
            "alias-version": "2.1.9999999.9999999-dev"
        },
        {
            "package": "symfony/swiftmailer-bundle",
            "version": "dev-master",
            "source-reference": "v2.1.0-RC1",
            "commit-date": "1342684512"
        },
        {
            "package": "symfony/symfony",
            "version": "dev-master",
            "alias-pretty-version": "2.1.x-dev",
            "alias-version": "2.1.9999999.9999999-dev"
        },
        {
            "package": "symfony/symfony",
            "version": "dev-master",
            "source-reference": "569e29d91fd35e91acc2dbcf490ad0f645eecd6d",
            "commit-date": "1346331893"
        },
        {
            "package": "twig/extensions",
            "version": "dev-master",
            "source-reference": "feb6d3f10c411e2631997c0a905aa581c80305c1",
            "commit-date": "1337599699"
        },
        {
            "package": "twig/twig",
            "version": "dev-master",
            "alias-pretty-version": "1.9.x-dev",
            "alias-version": "1.9.9999999.9999999-dev"
        },
        {
            "package": "twig/twig",
            "version": "dev-master",
            "source-reference": "f76ed618c890165fd107a9cd4a06c7d73da75b9c",
            "commit-date": "1346324412"
        },
        {
            "package": "white-october/pagerfanta-bundle",
            "version": "dev-master",
            "source-reference": "38e317a3ecd5a68e2322024ea8fe57632d4ddd68",
            "commit-date": "1343134121"
        }
    ],
    "packages-dev": null,
    "aliases": [

    ],
    "minimum-stability": "dev",
    "stability-flags": {
        "composer/composer": 20,
        "doctrine/doctrine-bundle": 20,
        "friendsofsymfony/user-bundle": 20,
        "nelmio/solarium-bundle": 20,
        "sensio/distribution-bundle": 20,
        "sensio/framework-extra-bundle": 20,
        "sensio/generator-bundle": 20,
        "snc/redis-bundle": 20,
        "twig/extensions": 20,
        "white-october/pagerfanta-bundle": 20
    }
}
