symfony v2.0.10
twig v1.6.0
monolog 1.0.2
doctrine-common 2.1.4
doctrine-dbal 2.1.6
doctrine 2.1.6
swiftmailer v4.1.5
assetic v1.0.2
twig-extensions 4c831657215e51568fcb31bb9142e827f9a69bd5
metadata 1.0.0
composer 3bdee3aabed551200f9a2b3629ed0c7f85eab68a
SensioFrameworkExtraBundle 638f545b7020b9e9d5944a7e3167f60ed848250d
SensioDistributionBundle 20b66a408084ad8752f98e50f10533f5245310bf
SensioGeneratorBundle b1ccb78c1743f30817b0fce9bb5c6baff6ed7bf8
AsseticBundle v1.0.1
FOSUserBundle 1.1.0
WhiteOctoberPagerfanta c490684def33e992241e7fad33bcbd03d9d18643
WhiteOctoberPagerfantaBundle 40209ef994fa2f342660d96bf6bea3f88171cd2d
solarium 2.3.0-RC1
NelmioSolariumBundle 75c1c8481b3e6be50f1509ab8290181c48b1169e
jsonlint 30acd3065fde017eece3fc292c623694b5ed8bf9
SncRedisBundle 23c1814a179598d62f6c50290472234e8e4faedd
predis f4c58b926b21c34f7d59dd5d40e91c51198712c5
