symfony v2.0.10
twig v1.6.0
monolog 1.0.2
doctrine-common 2.1.4
doctrine-dbal 2.1.6
doctrine 2.1.6
swiftmailer v4.1.5
assetic v1.0.2
twig-extensions 1dfff8e793f50f651c4f74f796c2c68a4aee3147
metadata 1.0.0
composer 15dddf44fa283efd7deb4d7f5671975634261664
SensioFrameworkExtraBundle 638f545b7020b9e9d5944a7e3167f60ed848250d
SensioDistributionBundle 20b66a408084ad8752f98e50f10533f5245310bf
SensioGeneratorBundle dd37fc4487bc09ac01bdcf89e0ff4ee4484b7fab
AsseticBundle v1.0.1
FOSUserBundle 1.1.0
WhiteOctoberPagerfanta c490684def33e992241e7fad33bcbd03d9d18643
WhiteOctoberPagerfantaBundle 9c1d1bd119cde420ca3fd1ba2011594446d6d825
solarium 2.3.0-RC1
NelmioSolariumBundle f1f0c436e727e28acd209c5c9e1176a8ae306ea6
