symfony 1f2e72d84aa9a4829185d6b2a0b814f6b933b30a
twig 4b929992df65808f36e8f93f87fa66a9fce03629
monolog 303b8a83c87d5c6d749926cf02620465a5dcd0f2
doctrine-common b385ca770888248241bd3086a40d5b3bd082a706
doctrine-dbal e0b69790ab1ffd646fd70a04fdb91e5dfbb3ccf1
doctrine 144d0de0ab61dffc738d7fb590cff8d77919f553
swiftmailer 8c3165691e36302405926abbae7526549db8b899
assetic f829ad23d23c87480151a21faad49fefe7c09e5d
twig-extensions eba4f5d572bec05c72a47bbd73ba0a3330cf8f54
metadata 8717ad2a5689480765d9ffafe925cd8a2457e582
composer 305856f2f50551bc35ff3236e453a0cf8d375280
SensioFrameworkExtraBundle b6565d32d71325be1f56943a8758b18f5999de8c
JMSSecurityExtraBundle b8b7eb294ed83d83ca7260ac018e701f08003538
SensioDistributionBundle 2082cb99d408fd89243059c6eff866347ec00bbe
SensioGeneratorBundle 2016dd4752ec52990b3fb304d68422eab3b1e8e0
AsseticBundle 41b5913b5086a0909af92adcb4a6005ee0051b16
FOSUserBundle 67300def4b2628512197c1fe05cd25727c309e20
WhiteOctoberPagerfanta ae948d491a4b7461095d014398db10ecd998f4d8
WhiteOctoberPagerfantaBundle 2a2a21df6e3ab48adc914b33fec9dd4345f597c4